
Microsoft Visual Studio Solution File, Format Version 12.00
# Visual Studio Version 17
VisualStudioVersion = 17.3.32819.101
MinimumVisualStudioVersion = 10.0.40219.1
Project("{FAE04EC0-301F-11D3-BF4B-00C04F79EFBC}") = "TP4-ReadWriteFiles", "TP4-ReadWriteFiles\TP4-ReadWriteFiles.csproj", "{D8DC89D0-8EB2-4E95-91F0-BF8234896023}"
EndProject
Global
	GlobalSection(SolutionConfigurationPlatforms) = preSolution
		Debug|Any CPU = Debug|Any CPU
		Release|Any CPU = Release|Any CPU
	EndGlobalSection
	GlobalSection(ProjectConfigurationPlatforms) = postSolution
		{D8DC89D0-8EB2-4E95-91F0-BF8234896023}.Debug|Any CPU.ActiveCfg = Debug|Any CPU
		{D8DC89D0-8EB2-4E95-91F0-BF8234896023}.Debug|Any CPU.Build.0 = Debug|Any CPU
		{D8DC89D0-8EB2-4E95-91F0-BF8234896023}.Release|Any CPU.ActiveCfg = Release|Any CPU
		{D8DC89D0-8EB2-4E95-91F0-BF8234896023}.Release|Any CPU.Build.0 = Release|Any CPU
	EndGlobalSection
	GlobalSection(SolutionProperties) = preSolution
		HideSolutionNode = FALSE
	EndGlobalSection
	GlobalSection(ExtensibilityGlobals) = postSolution
		SolutionGuid = {8F6F9F53-D709-4DDB-92D1-5E7F62909F7A}
	EndGlobalSection
EndGlobal
