
Microsoft Visual Studio Solution File, Format Version 12.00
# Visual Studio Version 17
VisualStudioVersion = 17.3.32819.101
MinimumVisualStudioVersion = 10.0.40219.1
Project("{FAE04EC0-301F-11D3-BF4B-00C04F79EFBC}") = "Parcial2_Lab3_Linq_Chiofalo", "Parcial2_Lab3_Linq_Chiofalo\Parcial2_Lab3_Linq_Chiofalo.csproj", "{17D1ED3A-8D59-438C-8E87-4D3A605A9647}"
EndProject
Global
	GlobalSection(SolutionConfigurationPlatforms) = preSolution
		Debug|Any CPU = Debug|Any CPU
		Release|Any CPU = Release|Any CPU
	EndGlobalSection
	GlobalSection(ProjectConfigurationPlatforms) = postSolution
		{17D1ED3A-8D59-438C-8E87-4D3A605A9647}.Debug|Any CPU.ActiveCfg = Debug|Any CPU
		{17D1ED3A-8D59-438C-8E87-4D3A605A9647}.Debug|Any CPU.Build.0 = Debug|Any CPU
		{17D1ED3A-8D59-438C-8E87-4D3A605A9647}.Release|Any CPU.ActiveCfg = Release|Any CPU
		{17D1ED3A-8D59-438C-8E87-4D3A605A9647}.Release|Any CPU.Build.0 = Release|Any CPU
	EndGlobalSection
	GlobalSection(SolutionProperties) = preSolution
		HideSolutionNode = FALSE
	EndGlobalSection
	GlobalSection(ExtensibilityGlobals) = postSolution
		SolutionGuid = {6F0FD165-EE4C-4C69-8E15-878FF1945F24}
	EndGlobalSection
EndGlobal
