
Microsoft Visual Studio Solution File, Format Version 12.00
# Visual Studio Version 16
VisualStudioVersion = 16.0.29411.108
MinimumVisualStudioVersion = 10.0.40219.1
Project("{FAE04EC0-301F-11D3-BF4B-00C04F79EFBC}") = "ReadWriteXML", "ReadWriteXML.csproj", "{C9990734-75D6-4E54-BEA7-143B8097B88C}"
EndProject
Global
	GlobalSection(SolutionConfigurationPlatforms) = preSolution
		Debug|Any CPU = Debug|Any CPU
		Release|Any CPU = Release|Any CPU
	EndGlobalSection
	GlobalSection(ProjectConfigurationPlatforms) = postSolution
		{C9990734-75D6-4E54-BEA7-143B8097B88C}.Debug|Any CPU.ActiveCfg = Debug|Any CPU
		{C9990734-75D6-4E54-BEA7-143B8097B88C}.Debug|Any CPU.Build.0 = Debug|Any CPU
		{C9990734-75D6-4E54-BEA7-143B8097B88C}.Release|Any CPU.ActiveCfg = Release|Any CPU
		{C9990734-75D6-4E54-BEA7-143B8097B88C}.Release|Any CPU.Build.0 = Release|Any CPU
	EndGlobalSection
	GlobalSection(SolutionProperties) = preSolution
		HideSolutionNode = FALSE
	EndGlobalSection
	GlobalSection(ExtensibilityGlobals) = postSolution
		SolutionGuid = {DCC8FB22-10EC-4B0B-85FA-013FA05C9D6E}
	EndGlobalSection
EndGlobal
