
Microsoft Visual Studio Solution File, Format Version 12.00
# Visual Studio Version 17
VisualStudioVersion = 17.3.32819.101
MinimumVisualStudioVersion = 10.0.40219.1
Project("{FAE04EC0-301F-11D3-BF4B-00C04F79EFBC}") = "PrácticaParcial1-LAB3", "PrácticaParcial1-LAB3\PrácticaParcial1-LAB3.csproj", "{5248E8F4-6DBD-4DF5-865C-A5C85AF83534}"
EndProject
Global
	GlobalSection(SolutionConfigurationPlatforms) = preSolution
		Debug|Any CPU = Debug|Any CPU
		Release|Any CPU = Release|Any CPU
	EndGlobalSection
	GlobalSection(ProjectConfigurationPlatforms) = postSolution
		{5248E8F4-6DBD-4DF5-865C-A5C85AF83534}.Debug|Any CPU.ActiveCfg = Debug|Any CPU
		{5248E8F4-6DBD-4DF5-865C-A5C85AF83534}.Debug|Any CPU.Build.0 = Debug|Any CPU
		{5248E8F4-6DBD-4DF5-865C-A5C85AF83534}.Release|Any CPU.ActiveCfg = Release|Any CPU
		{5248E8F4-6DBD-4DF5-865C-A5C85AF83534}.Release|Any CPU.Build.0 = Release|Any CPU
	EndGlobalSection
	GlobalSection(SolutionProperties) = preSolution
		HideSolutionNode = FALSE
	EndGlobalSection
	GlobalSection(ExtensibilityGlobals) = postSolution
		SolutionGuid = {0824B666-1EA6-45BE-B898-DE74F722002D}
	EndGlobalSection
EndGlobal
