
Microsoft Visual Studio Solution File, Format Version 12.00
# Visual Studio Version 17
VisualStudioVersion = 17.3.32819.101
MinimumVisualStudioVersion = 10.0.40219.1
Project("{FAE04EC0-301F-11D3-BF4B-00C04F79EFBC}") = "Parcial1_LAB3_Chiofalo", "Parcial1_LAB3_Chiofalo\Parcial1_LAB3_Chiofalo.csproj", "{69A6DF9D-2F0F-4A00-9602-50D271C96369}"
EndProject
Global
	GlobalSection(SolutionConfigurationPlatforms) = preSolution
		Debug|Any CPU = Debug|Any CPU
		Release|Any CPU = Release|Any CPU
	EndGlobalSection
	GlobalSection(ProjectConfigurationPlatforms) = postSolution
		{69A6DF9D-2F0F-4A00-9602-50D271C96369}.Debug|Any CPU.ActiveCfg = Debug|Any CPU
		{69A6DF9D-2F0F-4A00-9602-50D271C96369}.Debug|Any CPU.Build.0 = Debug|Any CPU
		{69A6DF9D-2F0F-4A00-9602-50D271C96369}.Release|Any CPU.ActiveCfg = Release|Any CPU
		{69A6DF9D-2F0F-4A00-9602-50D271C96369}.Release|Any CPU.Build.0 = Release|Any CPU
	EndGlobalSection
	GlobalSection(SolutionProperties) = preSolution
		HideSolutionNode = FALSE
	EndGlobalSection
	GlobalSection(ExtensibilityGlobals) = postSolution
		SolutionGuid = {C529CC45-05D8-4BBE-9157-ADB91BF63D91}
	EndGlobalSection
EndGlobal
