
Microsoft Visual Studio Solution File, Format Version 12.00
# Visual Studio Version 17
VisualStudioVersion = 17.3.32819.101
MinimumVisualStudioVersion = 10.0.40219.1
Project("{FAE04EC0-301F-11D3-BF4B-00C04F79EFBC}") = "TP5-XML", "TP5-XML\TP5-XML.csproj", "{BF0BB14B-CF78-4753-91E4-F9251BC68AF7}"
EndProject
Global
	GlobalSection(SolutionConfigurationPlatforms) = preSolution
		Debug|Any CPU = Debug|Any CPU
		Release|Any CPU = Release|Any CPU
	EndGlobalSection
	GlobalSection(ProjectConfigurationPlatforms) = postSolution
		{BF0BB14B-CF78-4753-91E4-F9251BC68AF7}.Debug|Any CPU.ActiveCfg = Debug|Any CPU
		{BF0BB14B-CF78-4753-91E4-F9251BC68AF7}.Debug|Any CPU.Build.0 = Debug|Any CPU
		{BF0BB14B-CF78-4753-91E4-F9251BC68AF7}.Release|Any CPU.ActiveCfg = Release|Any CPU
		{BF0BB14B-CF78-4753-91E4-F9251BC68AF7}.Release|Any CPU.Build.0 = Release|Any CPU
	EndGlobalSection
	GlobalSection(SolutionProperties) = preSolution
		HideSolutionNode = FALSE
	EndGlobalSection
	GlobalSection(ExtensibilityGlobals) = postSolution
		SolutionGuid = {57194043-52EA-4AF6-979A-7E3B60ADA9B6}
	EndGlobalSection
EndGlobal
