
Microsoft Visual Studio Solution File, Format Version 12.00
# Visual Studio Version 17
VisualStudioVersion = 17.3.32819.101
MinimumVisualStudioVersion = 10.0.40219.1
Project("{FAE04EC0-301F-11D3-BF4B-00C04F79EFBC}") = "TP8-LINQ", "TP8-LINQ\TP8-LINQ.csproj", "{BB78F085-0EAE-492F-9FE4-2029066758CC}"
EndProject
Global
	GlobalSection(SolutionConfigurationPlatforms) = preSolution
		Debug|Any CPU = Debug|Any CPU
		Release|Any CPU = Release|Any CPU
	EndGlobalSection
	GlobalSection(ProjectConfigurationPlatforms) = postSolution
		{BB78F085-0EAE-492F-9FE4-2029066758CC}.Debug|Any CPU.ActiveCfg = Debug|Any CPU
		{BB78F085-0EAE-492F-9FE4-2029066758CC}.Debug|Any CPU.Build.0 = Debug|Any CPU
		{BB78F085-0EAE-492F-9FE4-2029066758CC}.Release|Any CPU.ActiveCfg = Release|Any CPU
		{BB78F085-0EAE-492F-9FE4-2029066758CC}.Release|Any CPU.Build.0 = Release|Any CPU
	EndGlobalSection
	GlobalSection(SolutionProperties) = preSolution
		HideSolutionNode = FALSE
	EndGlobalSection
	GlobalSection(ExtensibilityGlobals) = postSolution
		SolutionGuid = {CB92034D-F11A-4E33-A2DF-4171EAFF6786}
	EndGlobalSection
EndGlobal
